// !$*UTF8*$!
{
	archiveVersion = 1;
	classes = {
	};
	objectVersion = 46;
	objects = {

/* Begin PBXBuildFile section */
		381371FB1BC258AB007C443C /* Blocks.m in Sources */ = {isa = PBXBuildFile; fileRef = 381371FA1BC258AB007C443C /* Blocks.m */; settings = {ASSET_TAGS = (); }; };
		381371FC1BC25CF7007C443C /* Blocks.h in CopyFiles */ = {isa = PBXBuildFile; fileRef = 381371F91BC258AB007C443C /* Blocks.h */; };
		386EBEBC1B95A2A600C678FE /* Queue.h in CopyFiles */ = {isa = PBXBuildFile; fileRef = 38EF90261B6220A70081B564 /* Queue.h */; };
		386EBEBD1B95A2A600C678FE /* Future.h in CopyFiles */ = {isa = PBXBuildFile; fileRef = 38EBACC71B6F697700F95442 /* Future.h */; };
		386EBEBE1B95A2A600C678FE /* Either.h in CopyFiles */ = {isa = PBXBuildFile; fileRef = 38A2B6F41B78E7FF0004AF4A /* Either.h */; };
		386EBEBF1B95A2A600C678FE /* Optional.h in CopyFiles */ = {isa = PBXBuildFile; fileRef = 38A2B6F71B78EAF60004AF4A /* Optional.h */; };
		386EBEC01B95A2A600C678FE /* Categories.h in CopyFiles */ = {isa = PBXBuildFile; fileRef = 38F4CEA91B79FD2A00A8F464 /* Categories.h */; };
		386EBEC11B95A2A600C678FE /* Match.h in CopyFiles */ = {isa = PBXBuildFile; fileRef = 38F55EE41B85DAA0004A444E /* Match.h */; };
		386EBEC81B95A71300C678FE /* Future_Internal.h in CopyFiles */ = {isa = PBXBuildFile; fileRef = 38EBACCA1B6F69A000F95442 /* Future_Internal.h */; };
		386EBEC91B95A71300C678FE /* Either_Internal.h in CopyFiles */ = {isa = PBXBuildFile; fileRef = 38FB87721B7CD3F900F4C5B3 /* Either_Internal.h */; };
		38A2B6F61B78E7FF0004AF4A /* Either.m in Sources */ = {isa = PBXBuildFile; fileRef = 38A2B6F51B78E7FF0004AF4A /* Either.m */; };
		38A2B6F91B78EAF60004AF4A /* Optional.m in Sources */ = {isa = PBXBuildFile; fileRef = 38A2B6F81B78EAF60004AF4A /* Optional.m */; };
		38EA103C1B5E1DAD004EE76E /* Tools.h in CopyFiles */ = {isa = PBXBuildFile; fileRef = 38EA103B1B5E1DAD004EE76E /* Tools.h */; };
		38EA10441B5E1DAD004EE76E /* libTools.a in Frameworks */ = {isa = PBXBuildFile; fileRef = 38EA10381B5E1DAD004EE76E /* libTools.a */; };
		38EA10651B5E242F004EE76E /* ToolsTests.m in Sources */ = {isa = PBXBuildFile; fileRef = 38EA10641B5E242F004EE76E /* ToolsTests.m */; };
		38EA10671B5E25FF004EE76E /* Tools.m in Sources */ = {isa = PBXBuildFile; fileRef = 38EA10661B5E25FF004EE76E /* Tools.m */; };
		38EBACC91B6F697700F95442 /* Future.m in Sources */ = {isa = PBXBuildFile; fileRef = 38EBACC81B6F697700F95442 /* Future.m */; };
		38EF90281B6220A70081B564 /* Queue.m in Sources */ = {isa = PBXBuildFile; fileRef = 38EF90271B6220A70081B564 /* Queue.m */; };
		38F4CEAB1B79FD2A00A8F464 /* Categories.m in Sources */ = {isa = PBXBuildFile; fileRef = 38F4CEAA1B79FD2A00A8F464 /* Categories.m */; };
		38F55EE61B85DAA0004A444E /* Match.m in Sources */ = {isa = PBXBuildFile; fileRef = 38F55EE51B85DAA0004A444E /* Match.m */; };
/* End PBXBuildFile section */

/* Begin PBXContainerItemProxy section */
		38EA10451B5E1DAD004EE76E /* PBXContainerItemProxy */ = {
			isa = PBXContainerItemProxy;
			containerPortal = 38EA10301B5E1DAD004EE76E /* Project object */;
			proxyType = 1;
			remoteGlobalIDString = 38EA10371B5E1DAD004EE76E;
			remoteInfo = Tools;
		};
/* End PBXContainerItemProxy section */

/* Begin PBXCopyFilesBuildPhase section */
		38EA10361B5E1DAD004EE76E /* CopyFiles */ = {
			isa = PBXCopyFilesBuildPhase;
			buildActionMask = 2147483647;
			dstPath = "include/$(PRODUCT_NAME)";
			dstSubfolderSpec = 16;
			files = (
				381371FC1BC25CF7007C443C /* Blocks.h in CopyFiles */,
				386EBEC81B95A71300C678FE /* Future_Internal.h in CopyFiles */,
				386EBEC91B95A71300C678FE /* Either_Internal.h in CopyFiles */,
				386EBEBC1B95A2A600C678FE /* Queue.h in CopyFiles */,
				386EBEBD1B95A2A600C678FE /* Future.h in CopyFiles */,
				386EBEBE1B95A2A600C678FE /* Either.h in CopyFiles */,
				386EBEBF1B95A2A600C678FE /* Optional.h in CopyFiles */,
				386EBEC01B95A2A600C678FE /* Categories.h in CopyFiles */,
				386EBEC11B95A2A600C678FE /* Match.h in CopyFiles */,
				38EA103C1B5E1DAD004EE76E /* Tools.h in CopyFiles */,
			);
			runOnlyForDeploymentPostprocessing = 0;
		};
/* End PBXCopyFilesBuildPhase section */

/* Begin PBXFileReference section */
		381371F91BC258AB007C443C /* Blocks.h */ = {isa = PBXFileReference; fileEncoding = 4; lastKnownFileType = sourcecode.c.h; path = Blocks.h; sourceTree = "<group>"; };
		381371FA1BC258AB007C443C /* Blocks.m */ = {isa = PBXFileReference; fileEncoding = 4; lastKnownFileType = sourcecode.c.objc; path = Blocks.m; sourceTree = "<group>"; };
		38A2B6F41B78E7FF0004AF4A /* Either.h */ = {isa = PBXFileReference; fileEncoding = 4; lastKnownFileType = sourcecode.c.h; path = Either.h; sourceTree = "<group>"; };
		38A2B6F51B78E7FF0004AF4A /* Either.m */ = {isa = PBXFileReference; fileEncoding = 4; lastKnownFileType = sourcecode.c.objc; path = Either.m; sourceTree = "<group>"; };
		38A2B6F71B78EAF60004AF4A /* Optional.h */ = {isa = PBXFileReference; fileEncoding = 4; lastKnownFileType = sourcecode.c.h; path = Optional.h; sourceTree = "<group>"; };
		38A2B6F81B78EAF60004AF4A /* Optional.m */ = {isa = PBXFileReference; fileEncoding = 4; lastKnownFileType = sourcecode.c.objc; path = Optional.m; sourceTree = "<group>"; };
		38EA10381B5E1DAD004EE76E /* libTools.a */ = {isa = PBXFileReference; explicitFileType = archive.ar; includeInIndex = 0; path = libTools.a; sourceTree = BUILT_PRODUCTS_DIR; };
		38EA103B1B5E1DAD004EE76E /* Tools.h */ = {isa = PBXFileReference; lastKnownFileType = sourcecode.c.h; path = Tools.h; sourceTree = "<group>"; };
		38EA10431B5E1DAD004EE76E /* ToolsTests.xctest */ = {isa = PBXFileReference; explicitFileType = wrapper.cfbundle; includeInIndex = 0; path = ToolsTests.xctest; sourceTree = BUILT_PRODUCTS_DIR; };
		38EA10491B5E1DAD004EE76E /* Info.plist */ = {isa = PBXFileReference; lastKnownFileType = text.plist.xml; path = Info.plist; sourceTree = "<group>"; };
		38EA10641B5E242F004EE76E /* ToolsTests.m */ = {isa = PBXFileReference; fileEncoding = 4; lastKnownFileType = sourcecode.c.objc; path = ToolsTests.m; sourceTree = "<group>"; };
		38EA10661B5E25FF004EE76E /* Tools.m */ = {isa = PBXFileReference; fileEncoding = 4; lastKnownFileType = sourcecode.c.objc; path = Tools.m; sourceTree = "<group>"; };
		38EBACC71B6F697700F95442 /* Future.h */ = {isa = PBXFileReference; fileEncoding = 4; lastKnownFileType = sourcecode.c.h; path = Future.h; sourceTree = "<group>"; };
		38EBACC81B6F697700F95442 /* Future.m */ = {isa = PBXFileReference; fileEncoding = 4; lastKnownFileType = sourcecode.c.objc; path = Future.m; sourceTree = "<group>"; };
		38EBACCA1B6F69A000F95442 /* Future_Internal.h */ = {isa = PBXFileReference; lastKnownFileType = sourcecode.c.h; path = Future_Internal.h; sourceTree = "<group>"; };
		38EF90261B6220A70081B564 /* Queue.h */ = {isa = PBXFileReference; fileEncoding = 4; lastKnownFileType = sourcecode.c.h; path = Queue.h; sourceTree = "<group>"; };
		38EF90271B6220A70081B564 /* Queue.m */ = {isa = PBXFileReference; fileEncoding = 4; lastKnownFileType = sourcecode.c.objc; path = Queue.m; sourceTree = "<group>"; };
		38F4CEA91B79FD2A00A8F464 /* Categories.h */ = {isa = PBXFileReference; fileEncoding = 4; lastKnownFileType = sourcecode.c.h; path = Categories.h; sourceTree = "<group>"; };
		38F4CEAA1B79FD2A00A8F464 /* Categories.m */ = {isa = PBXFileReference; fileEncoding = 4; lastKnownFileType = sourcecode.c.objc; path = Categories.m; sourceTree = "<group>"; };
		38F55EE41B85DAA0004A444E /* Match.h */ = {isa = PBXFileReference; fileEncoding = 4; lastKnownFileType = sourcecode.c.h; path = Match.h; sourceTree = "<group>"; };
		38F55EE51B85DAA0004A444E /* Match.m */ = {isa = PBXFileReference; fileEncoding = 4; lastKnownFileType = sourcecode.c.objc; path = Match.m; sourceTree = "<group>"; };
		38FB87721B7CD3F900F4C5B3 /* Either_Internal.h */ = {isa = PBXFileReference; fileEncoding = 4; lastKnownFileType = sourcecode.c.h; path = Either_Internal.h; sourceTree = "<group>"; };
/* End PBXFileReference section */

/* Begin PBXFrameworksBuildPhase section */
		38EA10351B5E1DAD004EE76E /* Frameworks */ = {
			isa = PBXFrameworksBuildPhase;
			buildActionMask = 2147483647;
			files = (
			);
			runOnlyForDeploymentPostprocessing = 0;
		};
		38EA10401B5E1DAD004EE76E /* Frameworks */ = {
			isa = PBXFrameworksBuildPhase;
			buildActionMask = 2147483647;
			files = (
				38EA10441B5E1DAD004EE76E /* libTools.a in Frameworks */,
			);
			runOnlyForDeploymentPostprocessing = 0;
		};
/* End PBXFrameworksBuildPhase section */

/* Begin PBXGroup section */
		38EA102F1B5E1DAD004EE76E = {
			isa = PBXGroup;
			children = (
				38EA103A1B5E1DAD004EE76E /* Tools */,
				38EA10471B5E1DAD004EE76E /* ToolsTests */,
				38EA10391B5E1DAD004EE76E /* Products */,
			);
			sourceTree = "<group>";
		};
		38EA10391B5E1DAD004EE76E /* Products */ = {
			isa = PBXGroup;
			children = (
				38EA10381B5E1DAD004EE76E /* libTools.a */,
				38EA10431B5E1DAD004EE76E /* ToolsTests.xctest */,
			);
			name = Products;
			sourceTree = "<group>";
		};
		38EA103A1B5E1DAD004EE76E /* Tools */ = {
			isa = PBXGroup;
			children = (
				38F4CEA91B79FD2A00A8F464 /* Categories.h */,
				38F4CEAA1B79FD2A00A8F464 /* Categories.m */,
				38FB87721B7CD3F900F4C5B3 /* Either_Internal.h */,
				38A2B6F41B78E7FF0004AF4A /* Either.h */,
				38A2B6F51B78E7FF0004AF4A /* Either.m */,
				38EBACCA1B6F69A000F95442 /* Future_Internal.h */,
				38EBACC71B6F697700F95442 /* Future.h */,
				38EBACC81B6F697700F95442 /* Future.m */,
				38F55EE41B85DAA0004A444E /* Match.h */,
				38F55EE51B85DAA0004A444E /* Match.m */,
				38A2B6F71B78EAF60004AF4A /* Optional.h */,
				38A2B6F81B78EAF60004AF4A /* Optional.m */,
				38EF90261B6220A70081B564 /* Queue.h */,
				38EF90271B6220A70081B564 /* Queue.m */,
				38EA103B1B5E1DAD004EE76E /* Tools.h */,
				38EA10661B5E25FF004EE76E /* Tools.m */,
				381371F91BC258AB007C443C /* Blocks.h */,
				381371FA1BC258AB007C443C /* Blocks.m */,
			);
			path = Tools;
			sourceTree = "<group>";
		};
		38EA10471B5E1DAD004EE76E /* ToolsTests */ = {
			isa = PBXGroup;
			children = (
				38EA10481B5E1DAD004EE76E /* Supporting Files */,
				38EA10641B5E242F004EE76E /* ToolsTests.m */,
			);
			path = ToolsTests;
			sourceTree = "<group>";
		};
		38EA10481B5E1DAD004EE76E /* Supporting Files */ = {
			isa = PBXGroup;
			children = (
				38EA10491B5E1DAD004EE76E /* Info.plist */,
			);
			name = "Supporting Files";
			sourceTree = "<group>";
		};
/* End PBXGroup section */

/* Begin PBXNativeTarget section */
		38EA10371B5E1DAD004EE76E /* Tools */ = {
			isa = PBXNativeTarget;
			buildConfigurationList = 38EA104C1B5E1DAD004EE76E /* Build configuration list for PBXNativeTarget "Tools" */;
			buildPhases = (
				38EA10341B5E1DAD004EE76E /* Sources */,
				38EA10351B5E1DAD004EE76E /* Frameworks */,
				38EA10361B5E1DAD004EE76E /* CopyFiles */,
			);
			buildRules = (
			);
			dependencies = (
			);
			name = Tools;
			productName = Tools;
			productReference = 38EA10381B5E1DAD004EE76E /* libTools.a */;
			productType = "com.apple.product-type.library.static";
		};
		38EA10421B5E1DAD004EE76E /* ToolsTests */ = {
			isa = PBXNativeTarget;
			buildConfigurationList = 38EA104F1B5E1DAD004EE76E /* Build configuration list for PBXNativeTarget "ToolsTests" */;
			buildPhases = (
				38EA103F1B5E1DAD004EE76E /* Sources */,
				38EA10401B5E1DAD004EE76E /* Frameworks */,
				38EA10411B5E1DAD004EE76E /* Resources */,
			);
			buildRules = (
			);
			dependencies = (
				38EA10461B5E1DAD004EE76E /* PBXTargetDependency */,
			);
			name = ToolsTests;
			productName = ToolsTests;
			productReference = 38EA10431B5E1DAD004EE76E /* ToolsTests.xctest */;
			productType = "com.apple.product-type.bundle.unit-test";
		};
/* End PBXNativeTarget section */

/* Begin PBXProject section */
		38EA10301B5E1DAD004EE76E /* Project object */ = {
			isa = PBXProject;
			attributes = {
				LastUpgradeCheck = 0700;
				ORGANIZATIONNAME = Elvi;
				TargetAttributes = {
					38EA10371B5E1DAD004EE76E = {
						CreatedOnToolsVersion = 6.4;
					};
					38EA10421B5E1DAD004EE76E = {
						CreatedOnToolsVersion = 6.4;
					};
				};
			};
			buildConfigurationList = 38EA10331B5E1DAD004EE76E /* Build configuration list for PBXProject "Tools" */;
			compatibilityVersion = "Xcode 3.2";
			developmentRegion = English;
			hasScannedForEncodings = 0;
			knownRegions = (
				en,
			);
			mainGroup = 38EA102F1B5E1DAD004EE76E;
			productRefGroup = 38EA10391B5E1DAD004EE76E /* Products */;
			projectDirPath = "";
			projectRoot = "";
			targets = (
				38EA10371B5E1DAD004EE76E /* Tools */,
				38EA10421B5E1DAD004EE76E /* ToolsTests */,
			);
		};
/* End PBXProject section */

/* Begin PBXResourcesBuildPhase section */
		38EA10411B5E1DAD004EE76E /* Resources */ = {
			isa = PBXResourcesBuildPhase;
			buildActionMask = 2147483647;
			files = (
			);
			runOnlyForDeploymentPostprocessing = 0;
		};
/* End PBXResourcesBuildPhase section */

/* Begin PBXSourcesBuildPhase section */
		38EA10341B5E1DAD004EE76E /* Sources */ = {
			isa = PBXSourcesBuildPhase;
			buildActionMask = 2147483647;
			files = (
				38EA10671B5E25FF004EE76E /* Tools.m in Sources */,
				38A2B6F91B78EAF60004AF4A /* Optional.m in Sources */,
				38F55EE61B85DAA0004A444E /* Match.m in Sources */,
				38EF90281B6220A70081B564 /* Queue.m in Sources */,
				38A2B6F61B78E7FF0004AF4A /* Either.m in Sources */,
				381371FB1BC258AB007C443C /* Blocks.m in Sources */,
				38F4CEAB1B79FD2A00A8F464 /* Categories.m in Sources */,
				38EBACC91B6F697700F95442 /* Future.m in Sources */,
			);
			runOnlyForDeploymentPostprocessing = 0;
		};
		38EA103F1B5E1DAD004EE76E /* Sources */ = {
			isa = PBXSourcesBuildPhase;
			buildActionMask = 2147483647;
			files = (
				38EA10651B5E242F004EE76E /* ToolsTests.m in Sources */,
			);
			runOnlyForDeploymentPostprocessing = 0;
		};
/* End PBXSourcesBuildPhase section */

/* Begin PBXTargetDependency section */
		38EA10461B5E1DAD004EE76E /* PBXTargetDependency */ = {
			isa = PBXTargetDependency;
			target = 38EA10371B5E1DAD004EE76E /* Tools */;
			targetProxy = 38EA10451B5E1DAD004EE76E /* PBXContainerItemProxy */;
		};
/* End PBXTargetDependency section */

/* Begin XCBuildConfiguration section */
		38EA104A1B5E1DAD004EE76E /* Debug */ = {
			isa = XCBuildConfiguration;
			buildSettings = {
				ALWAYS_SEARCH_USER_PATHS = NO;
				CLANG_CXX_LANGUAGE_STANDARD = "gnu++0x";
				CLANG_CXX_LIBRARY = "libc++";
				CLANG_ENABLE_MODULES = YES;
				CLANG_ENABLE_OBJC_ARC = YES;
				CLANG_WARN_BOOL_CONVERSION = YES;
				CLANG_WARN_CONSTANT_CONVERSION = YES;
				CLANG_WARN_DIRECT_OBJC_ISA_USAGE = YES_ERROR;
				CLANG_WARN_EMPTY_BODY = YES;
				CLANG_WARN_ENUM_CONVERSION = YES;
				CLANG_WARN_INT_CONVERSION = YES;
				CLANG_WARN_OBJC_ROOT_CLASS = YES_ERROR;
				CLANG_WARN_UNREACHABLE_CODE = YES;
				CLANG_WARN__DUPLICATE_METHOD_MATCH = YES;
				COPY_PHASE_STRIP = NO;
				DEBUG_INFORMATION_FORMAT = "dwarf-with-dsym";
				ENABLE_STRICT_OBJC_MSGSEND = YES;
				ENABLE_TESTABILITY = YES;
				GCC_C_LANGUAGE_STANDARD = gnu99;
				GCC_DYNAMIC_NO_PIC = NO;
				GCC_NO_COMMON_BLOCKS = YES;
				GCC_OPTIMIZATION_LEVEL = 0;
				GCC_PREPROCESSOR_DEFINITIONS = (
					"DEBUG=1",
					"$(inherited)",
				);
				GCC_SYMBOLS_PRIVATE_EXTERN = NO;
				GCC_WARN_64_TO_32_BIT_CONVERSION = YES;
				GCC_WARN_ABOUT_RETURN_TYPE = YES_ERROR;
				GCC_WARN_UNDECLARED_SELECTOR = YES;
				GCC_WARN_UNINITIALIZED_AUTOS = YES_AGGRESSIVE;
				GCC_WARN_UNUSED_FUNCTION = YES;
				GCC_WARN_UNUSED_VARIABLE = YES;
				IPHONEOS_DEPLOYMENT_TARGET = 6.0;
				MTL_ENABLE_DEBUG_INFO = YES;
				ONLY_ACTIVE_ARCH = YES;
				SDKROOT = iphoneos;
			};
			name = Debug;
		};
		38EA104B1B5E1DAD004EE76E /* Release */ = {
			isa = XCBuildConfiguration;
			buildSettings = {
				ALWAYS_SEARCH_USER_PATHS = NO;
				CLANG_CXX_LANGUAGE_STANDARD = "gnu++0x";
				CLANG_CXX_LIBRARY = "libc++";
				CLANG_ENABLE_MODULES = YES;
				CLANG_ENABLE_OBJC_ARC = YES;
				CLANG_WARN_BOOL_CONVERSION = YES;
				CLANG_WARN_CONSTANT_CONVERSION = YES;
				CLANG_WARN_DIRECT_OBJC_ISA_USAGE = YES_ERROR;
				CLANG_WARN_EMPTY_BODY = YES;
				CLANG_WARN_ENUM_CONVERSION = YES;
				CLANG_WARN_INT_CONVERSION = YES;
				CLANG_WARN_OBJC_ROOT_CLASS = YES_ERROR;
				CLANG_WARN_UNREACHABLE_CODE = YES;
				CLANG_WARN__DUPLICATE_METHOD_MATCH = YES;
				COPY_PHASE_STRIP = NO;
				DEBUG_INFORMATION_FORMAT = "dwarf-with-dsym";
				ENABLE_NS_ASSERTIONS = NO;
				ENABLE_STRICT_OBJC_MSGSEND = YES;
				GCC_C_LANGUAGE_STANDARD = gnu99;
				GCC_NO_COMMON_BLOCKS = YES;
				GCC_WARN_64_TO_32_BIT_CONVERSION = YES;
				GCC_WARN_ABOUT_RETURN_TYPE = YES_ERROR;
				GCC_WARN_UNDECLARED_SELECTOR = YES;
				GCC_WARN_UNINITIALIZED_AUTOS = YES_AGGRESSIVE;
				GCC_WARN_UNUSED_FUNCTION = YES;
				GCC_WARN_UNUSED_VARIABLE = YES;
				IPHONEOS_DEPLOYMENT_TARGET = 6.0;
				MTL_ENABLE_DEBUG_INFO = NO;
				SDKROOT = iphoneos;
				VALIDATE_PRODUCT = YES;
			};
			name = Release;
		};
		38EA104D1B5E1DAD004EE76E /* Debug */ = {
			isa = XCBuildConfiguration;
			buildSettings = {
				OTHER_LDFLAGS = "-ObjC";
				PRODUCT_NAME = "$(TARGET_NAME)";
				SKIP_INSTALL = YES;
			};
			name = Debug;
		};
		38EA104E1B5E1DAD004EE76E /* Release */ = {
			isa = XCBuildConfiguration;
			buildSettings = {
				OTHER_LDFLAGS = "-ObjC";
				PRODUCT_NAME = "$(TARGET_NAME)";
				SKIP_INSTALL = YES;
			};
			name = Release;
		};
		38EA10501B5E1DAD004EE76E /* Debug */ = {
			isa = XCBuildConfiguration;
			buildSettings = {
				"CODE_SIGN_IDENTITY[sdk=iphoneos*]" = "iPhone Developer";
				FRAMEWORK_SEARCH_PATHS = "$(inherited)";
				GCC_PREPROCESSOR_DEFINITIONS = (
					"DEBUG=1",
					"$(inherited)",
				);
				GCC_TREAT_WARNINGS_AS_ERRORS = YES;
				INFOPLIST_FILE = ToolsTests/Info.plist;
				LD_RUNPATH_SEARCH_PATHS = "$(inherited) @executable_path/Frameworks @loader_path/Frameworks";
				OTHER_LDFLAGS = (
					"$(inherited)",
					"-framework",
					XCTest,
					"-ObjC",
				);
				PRODUCT_BUNDLE_IDENTIFIER = "it.elvi.$(PRODUCT_NAME:rfc1034identifier)";
				PRODUCT_NAME = "$(TARGET_NAME)";
			};
			name = Debug;
		};
		38EA10511B5E1DAD004EE76E /* Release */ = {
			isa = XCBuildConfiguration;
			buildSettings = {
				"CODE_SIGN_IDENTITY[sdk=iphoneos*]" = "iPhone Developer";
				FRAMEWORK_SEARCH_PATHS = "$(inherited)";
				GCC_TREAT_WARNINGS_AS_ERRORS = YES;
				INFOPLIST_FILE = ToolsTests/Info.plist;
				LD_RUNPATH_SEARCH_PATHS = "$(inherited) @executable_path/Frameworks @loader_path/Frameworks";
				OTHER_LDFLAGS = (
					"$(inherited)",
					"-framework",
					XCTest,
					"-ObjC",
				);
				PRODUCT_BUNDLE_IDENTIFIER = "it.elvi.$(PRODUCT_NAME:rfc1034identifier)";
				PRODUCT_NAME = "$(TARGET_NAME)";
			};
			name = Release;
		};
/* End XCBuildConfiguration section */

/* Begin XCConfigurationList section */
		38EA10331B5E1DAD004EE76E /* Build configuration list for PBXProject "Tools" */ = {
			isa = XCConfigurationList;
			buildConfigurations = (
				38EA104A1B5E1DAD004EE76E /* Debug */,
				38EA104B1B5E1DAD004EE76E /* Release */,
			);
			defaultConfigurationIsVisible = 0;
			defaultConfigurationName = Release;
		};
		38EA104C1B5E1DAD004EE76E /* Build configuration list for PBXNativeTarget "Tools" */ = {
			isa = XCConfigurationList;
			buildConfigurations = (
				38EA104D1B5E1DAD004EE76E /* Debug */,
				38EA104E1B5E1DAD004EE76E /* Release */,
			);
			defaultConfigurationIsVisible = 0;
			defaultConfigurationName = Release;
		};
		38EA104F1B5E1DAD004EE76E /* Build configuration list for PBXNativeTarget "ToolsTests" */ = {
			isa = XCConfigurationList;
			buildConfigurations = (
				38EA10501B5E1DAD004EE76E /* Debug */,
				38EA10511B5E1DAD004EE76E /* Release */,
			);
			defaultConfigurationIsVisible = 0;
			defaultConfigurationName = Release;
		};
/* End XCConfigurationList section */
	};
	rootObject = 38EA10301B5E1DAD004EE76E /* Project object */;
}
